
Microsoft Visual Studio Solution File, Format Version 12.00
Project("{FAE04EC0-301F-11D3-BF4B-00C04F79EFBC}") = "CoinKeeper.Backend.Api", "src\CoinKeeper.Backend.Api\CoinKeeper.Backend.Api.csproj", "{DC680B36-74C3-4460-BA74-1B1122F04034}"
EndProject
Project("{2150E333-8FDC-42A3-9474-1A3956D46DE8}") = "src", "src", "{37297192-1FBB-4992-8239-32B29C25553B}"
EndProject
Project("{2150E333-8FDC-42A3-9474-1A3956D46DE8}") = "SolutionItems", "SolutionItems", "{39251DEC-BB2C-4B5C-978B-A1EB48736D1D}"
	ProjectSection(SolutionItems) = preProject
		.editorconfig = .editorconfig
		.gitignore = .gitignore
		global.json = global.json
		README.md = README.md
	EndProjectSection
EndProject
Project("{2150E333-8FDC-42A3-9474-1A3956D46DE8}") = "Common", "Common", "{5A351B6F-6BD9-42FF-AB0B-A41DE69D984E}"
EndProject
Project("{FAE04EC0-301F-11D3-BF4B-00C04F79EFBC}") = "CoinKeeper.Common", "src\Common\CoinKeeper.Common\CoinKeeper.Common.csproj", "{EB45FCE0-FDD8-4646-BB00-BE89F06C921B}"
EndProject
Project("{FAE04EC0-301F-11D3-BF4B-00C04F79EFBC}") = "CoinKeeper.Infrastructure", "src\Common\CoinKeeper.Infrastructure\CoinKeeper.Infrastructure.csproj", "{5BDE7FB5-2F44-4E5F-A3B8-05B3D9895BE0}"
EndProject
Project("{FAE04EC0-301F-11D3-BF4B-00C04F79EFBC}") = "CoinKeeper.Finance", "src\CoinKeeper.Finance\CoinKeeper.Finance.csproj", "{1699295A-952E-438B-871E-7BD81C1F34C3}"
EndProject
Global
	GlobalSection(SolutionConfigurationPlatforms) = preSolution
		Debug|Any CPU = Debug|Any CPU
		Release|Any CPU = Release|Any CPU
	EndGlobalSection
	GlobalSection(ProjectConfigurationPlatforms) = postSolution
		{DC680B36-74C3-4460-BA74-1B1122F04034}.Debug|Any CPU.ActiveCfg = Debug|Any CPU
		{DC680B36-74C3-4460-BA74-1B1122F04034}.Debug|Any CPU.Build.0 = Debug|Any CPU
		{DC680B36-74C3-4460-BA74-1B1122F04034}.Release|Any CPU.ActiveCfg = Release|Any CPU
		{DC680B36-74C3-4460-BA74-1B1122F04034}.Release|Any CPU.Build.0 = Release|Any CPU
		{EB45FCE0-FDD8-4646-BB00-BE89F06C921B}.Debug|Any CPU.ActiveCfg = Debug|Any CPU
		{EB45FCE0-FDD8-4646-BB00-BE89F06C921B}.Debug|Any CPU.Build.0 = Debug|Any CPU
		{EB45FCE0-FDD8-4646-BB00-BE89F06C921B}.Release|Any CPU.ActiveCfg = Release|Any CPU
		{EB45FCE0-FDD8-4646-BB00-BE89F06C921B}.Release|Any CPU.Build.0 = Release|Any CPU
		{5BDE7FB5-2F44-4E5F-A3B8-05B3D9895BE0}.Debug|Any CPU.ActiveCfg = Debug|Any CPU
		{5BDE7FB5-2F44-4E5F-A3B8-05B3D9895BE0}.Debug|Any CPU.Build.0 = Debug|Any CPU
		{5BDE7FB5-2F44-4E5F-A3B8-05B3D9895BE0}.Release|Any CPU.ActiveCfg = Release|Any CPU
		{5BDE7FB5-2F44-4E5F-A3B8-05B3D9895BE0}.Release|Any CPU.Build.0 = Release|Any CPU
		{1699295A-952E-438B-871E-7BD81C1F34C3}.Debug|Any CPU.ActiveCfg = Debug|Any CPU
		{1699295A-952E-438B-871E-7BD81C1F34C3}.Debug|Any CPU.Build.0 = Debug|Any CPU
		{1699295A-952E-438B-871E-7BD81C1F34C3}.Release|Any CPU.ActiveCfg = Release|Any CPU
		{1699295A-952E-438B-871E-7BD81C1F34C3}.Release|Any CPU.Build.0 = Release|Any CPU
	EndGlobalSection
	GlobalSection(NestedProjects) = preSolution
		{DC680B36-74C3-4460-BA74-1B1122F04034} = {37297192-1FBB-4992-8239-32B29C25553B}
		{5A351B6F-6BD9-42FF-AB0B-A41DE69D984E} = {37297192-1FBB-4992-8239-32B29C25553B}
		{EB45FCE0-FDD8-4646-BB00-BE89F06C921B} = {5A351B6F-6BD9-42FF-AB0B-A41DE69D984E}
		{5BDE7FB5-2F44-4E5F-A3B8-05B3D9895BE0} = {5A351B6F-6BD9-42FF-AB0B-A41DE69D984E}
		{1699295A-952E-438B-871E-7BD81C1F34C3} = {37297192-1FBB-4992-8239-32B29C25553B}
	EndGlobalSection
EndGlobal
